{
  "object": {
    "pins": [
      {
        "package": "Swift2D",
        "repositoryURL": "https://github.com/richardpiazza/Swift2D.git",
        "state": {
          "branch": null,
          "revision": "d3aa067d4c9bfa97fb09b67b2b638bc134fae8d7",
          "version": "1.1.0"
        }
      },
      {
        "package": "XMLCoder",
        "repositoryURL": "https://github.com/MaxDesiatov/XMLCoder.git",
        "state": {
          "branch": null,
          "revision": "ac411bd6ab342780be0dfe6f679410f791d751d9",
          "version": "0.11.1"
        }
      }
    ]
  },
  "version": 1
}
