{
  "object": {
    "pins": [
      {
        "package": "Swift2D",
        "repositoryURL": "https://github.com/richardpiazza/Swift2D.git",
        "state": {
          "branch": null,
          "revision": "c49fa308e8d50d3d721b26f5ff8bc276fa84acf2",
          "version": "2.2.1"
        }
      },
      {
        "package": "XMLCoder",
        "repositoryURL": "https://github.com/CoreOffice/XMLCoder.git",
        "state": {
          "branch": null,
          "revision": "5e1ada828d2618ecb79c974e03f79c8f4df90b71",
          "version": "0.18.0"
        }
      }
    ]
  },
  "version": 1
}
